// !$*UTF8*$!
{
	archiveVersion = 1;
	classes = {
	};
	objectVersion = 52;
	objects = {

/* Begin PBXBuildFile section */
		7918F20225A59FF20079F446 /* MyNetflixApp.swift in Sources */ = {isa = PBXBuildFile; fileRef = 7918F20125A59FF20079F446 /* MyNetflixApp.swift */; };
		7918F20425A59FF20079F446 /* ContentView.swift in Sources */ = {isa = PBXBuildFile; fileRef = 7918F20325A59FF20079F446 /* ContentView.swift */; };
		7918F20625A59FF50079F446 /* Assets.xcassets in Resources */ = {isa = PBXBuildFile; fileRef = 7918F20525A59FF50079F446 /* Assets.xcassets */; };
		7918F20925A59FF50079F446 /* Preview Assets.xcassets in Resources */ = {isa = PBXBuildFile; fileRef = 7918F20825A59FF50079F446 /* Preview Assets.xcassets */; };
		7918F21425A59FF50079F446 /* MyNetflixTests.swift in Sources */ = {isa = PBXBuildFile; fileRef = 7918F21325A59FF50079F446 /* MyNetflixTests.swift */; };
		7918F21F25A59FF50079F446 /* MyNetflixUITests.swift in Sources */ = {isa = PBXBuildFile; fileRef = 7918F21E25A59FF50079F446 /* MyNetflixUITests.swift */; };
		7918F23125A5A21B0079F446 /* HomeView.swift in Sources */ = {isa = PBXBuildFile; fileRef = 7918F23025A5A21B0079F446 /* HomeView.swift */; };
		7918F23925A5A2380079F446 /* HomeVM.swift in Sources */ = {isa = PBXBuildFile; fileRef = 7918F23825A5A2380079F446 /* HomeVM.swift */; };
		7918F23E25A5A2440079F446 /* Movie.swift in Sources */ = {isa = PBXBuildFile; fileRef = 7918F23D25A5A2440079F446 /* Movie.swift */; };
		7918F24325A5A2520079F446 /* GlobalHelper.swift in Sources */ = {isa = PBXBuildFile; fileRef = 7918F24225A5A2520079F446 /* GlobalHelper.swift */; };
		7918F24825A5A5F00079F446 /* StandardHomeMovie.swift in Sources */ = {isa = PBXBuildFile; fileRef = 7918F24725A5A5F00079F446 /* StandardHomeMovie.swift */; };
		7918F24E25A5A6450079F446 /* Kingfisher in Frameworks */ = {isa = PBXBuildFile; productRef = 7918F24D25A5A6450079F446 /* Kingfisher */; };
		7918F25A25A5A8A50079F446 /* TopMoviePreview.swift in Sources */ = {isa = PBXBuildFile; fileRef = 7918F25925A5A8A50079F446 /* TopMoviePreview.swift */; };
		7918F26225A5A8D90079F446 /* SmallVerticalButton.swift in Sources */ = {isa = PBXBuildFile; fileRef = 7918F26125A5A8D90079F446 /* SmallVerticalButton.swift */; };
		7918F26725A5AA4E0079F446 /* PlayButton.swift in Sources */ = {isa = PBXBuildFile; fileRef = 7918F26625A5AA4E0079F446 /* PlayButton.swift */; };
		7918F26C25A5AD500079F446 /* MovieDetail.swift in Sources */ = {isa = PBXBuildFile; fileRef = 7918F26B25A5AD500079F446 /* MovieDetail.swift */; };
		7918F27125A5AD730079F446 /* Episode.swift in Sources */ = {isa = PBXBuildFile; fileRef = 7918F27025A5AD730079F446 /* Episode.swift */; };
		797A3FCA25A7F3070047D5DA /* Trailer.swift in Sources */ = {isa = PBXBuildFile; fileRef = 797A3FC925A7F3070047D5DA /* Trailer.swift */; };
		797A3FCF25A7F3910047D5DA /* VideoView.swift in Sources */ = {isa = PBXBuildFile; fileRef = 797A3FCE25A7F3910047D5DA /* VideoView.swift */; };
		797A3FD525A7F4D20047D5DA /* VideoPreviewImage.swift in Sources */ = {isa = PBXBuildFile; fileRef = 797A3FD425A7F4D20047D5DA /* VideoPreviewImage.swift */; };
		797A3FDD25A86B440047D5DA /* TrailerList.swift in Sources */ = {isa = PBXBuildFile; fileRef = 797A3FDC25A86B440047D5DA /* TrailerList.swift */; };
		799CDAF725A6A8A000F710AF /* CustomTabSwitcher.swift in Sources */ = {isa = PBXBuildFile; fileRef = 799CDAF625A6A8A000F710AF /* CustomTabSwitcher.swift */; };
		799CDAFD25A7554500F710AF /* MoreLikeThis.swift in Sources */ = {isa = PBXBuildFile; fileRef = 799CDAFC25A7554500F710AF /* MoreLikeThis.swift */; };
/* End PBXBuildFile section */

/* Begin PBXContainerItemProxy section */
		7918F21025A59FF50079F446 /* PBXContainerItemProxy */ = {
			isa = PBXContainerItemProxy;
			containerPortal = 7918F1F625A59FF20079F446 /* Project object */;
			proxyType = 1;
			remoteGlobalIDString = 7918F1FD25A59FF20079F446;
			remoteInfo = MyNetflix;
		};
		7918F21B25A59FF50079F446 /* PBXContainerItemProxy */ = {
			isa = PBXContainerItemProxy;
			containerPortal = 7918F1F625A59FF20079F446 /* Project object */;
			proxyType = 1;
			remoteGlobalIDString = 7918F1FD25A59FF20079F446;
			remoteInfo = MyNetflix;
		};
/* End PBXContainerItemProxy section */

/* Begin PBXFileReference section */
		7918F1FE25A59FF20079F446 /* MyNetflix.app */ = {isa = PBXFileReference; explicitFileType = wrapper.application; includeInIndex = 0; path = MyNetflix.app; sourceTree = BUILT_PRODUCTS_DIR; };
		7918F20125A59FF20079F446 /* MyNetflixApp.swift */ = {isa = PBXFileReference; lastKnownFileType = sourcecode.swift; path = MyNetflixApp.swift; sourceTree = "<group>"; };
		7918F20325A59FF20079F446 /* ContentView.swift */ = {isa = PBXFileReference; lastKnownFileType = sourcecode.swift; path = ContentView.swift; sourceTree = "<group>"; };
		7918F20525A59FF50079F446 /* Assets.xcassets */ = {isa = PBXFileReference; lastKnownFileType = folder.assetcatalog; path = Assets.xcassets; sourceTree = "<group>"; };
		7918F20825A59FF50079F446 /* Preview Assets.xcassets */ = {isa = PBXFileReference; lastKnownFileType = folder.assetcatalog; path = "Preview Assets.xcassets"; sourceTree = "<group>"; };
		7918F20A25A59FF50079F446 /* Info.plist */ = {isa = PBXFileReference; lastKnownFileType = text.plist.xml; path = Info.plist; sourceTree = "<group>"; };
		7918F20F25A59FF50079F446 /* MyNetflixTests.xctest */ = {isa = PBXFileReference; explicitFileType = wrapper.cfbundle; includeInIndex = 0; path = MyNetflixTests.xctest; sourceTree = BUILT_PRODUCTS_DIR; };
		7918F21325A59FF50079F446 /* MyNetflixTests.swift */ = {isa = PBXFileReference; lastKnownFileType = sourcecode.swift; path = MyNetflixTests.swift; sourceTree = "<group>"; };
		7918F21525A59FF50079F446 /* Info.plist */ = {isa = PBXFileReference; lastKnownFileType = text.plist.xml; path = Info.plist; sourceTree = "<group>"; };
		7918F21A25A59FF50079F446 /* MyNetflixUITests.xctest */ = {isa = PBXFileReference; explicitFileType = wrapper.cfbundle; includeInIndex = 0; path = MyNetflixUITests.xctest; sourceTree = BUILT_PRODUCTS_DIR; };
		7918F21E25A59FF50079F446 /* MyNetflixUITests.swift */ = {isa = PBXFileReference; lastKnownFileType = sourcecode.swift; path = MyNetflixUITests.swift; sourceTree = "<group>"; };
		7918F22025A59FF50079F446 /* Info.plist */ = {isa = PBXFileReference; lastKnownFileType = text.plist.xml; path = Info.plist; sourceTree = "<group>"; };
		7918F23025A5A21B0079F446 /* HomeView.swift */ = {isa = PBXFileReference; lastKnownFileType = sourcecode.swift; path = HomeView.swift; sourceTree = "<group>"; };
		7918F23825A5A2380079F446 /* HomeVM.swift */ = {isa = PBXFileReference; lastKnownFileType = sourcecode.swift; path = HomeVM.swift; sourceTree = "<group>"; };
		7918F23D25A5A2440079F446 /* Movie.swift */ = {isa = PBXFileReference; lastKnownFileType = sourcecode.swift; path = Movie.swift; sourceTree = "<group>"; };
		7918F24225A5A2520079F446 /* GlobalHelper.swift */ = {isa = PBXFileReference; lastKnownFileType = sourcecode.swift; path = GlobalHelper.swift; sourceTree = "<group>"; };
		7918F24725A5A5F00079F446 /* StandardHomeMovie.swift */ = {isa = PBXFileReference; lastKnownFileType = sourcecode.swift; path = StandardHomeMovie.swift; sourceTree = "<group>"; };
		7918F25925A5A8A50079F446 /* TopMoviePreview.swift */ = {isa = PBXFileReference; lastKnownFileType = sourcecode.swift; path = TopMoviePreview.swift; sourceTree = "<group>"; };
		7918F26125A5A8D90079F446 /* SmallVerticalButton.swift */ = {isa = PBXFileReference; lastKnownFileType = sourcecode.swift; path = SmallVerticalButton.swift; sourceTree = "<group>"; };
		7918F26625A5AA4E0079F446 /* PlayButton.swift */ = {isa = PBXFileReference; lastKnownFileType = sourcecode.swift; path = PlayButton.swift; sourceTree = "<group>"; };
		7918F26B25A5AD500079F446 /* MovieDetail.swift */ = {isa = PBXFileReference; lastKnownFileType = sourcecode.swift; path = MovieDetail.swift; sourceTree = "<group>"; };
		7918F27025A5AD730079F446 /* Episode.swift */ = {isa = PBXFileReference; lastKnownFileType = sourcecode.swift; path = Episode.swift; sourceTree = "<group>"; };
		797A3FC925A7F3070047D5DA /* Trailer.swift */ = {isa = PBXFileReference; lastKnownFileType = sourcecode.swift; path = Trailer.swift; sourceTree = "<group>"; };
		797A3FCE25A7F3910047D5DA /* VideoView.swift */ = {isa = PBXFileReference; lastKnownFileType = sourcecode.swift; path = VideoView.swift; sourceTree = "<group>"; };
		797A3FD425A7F4D20047D5DA /* VideoPreviewImage.swift */ = {isa = PBXFileReference; lastKnownFileType = sourcecode.swift; path = VideoPreviewImage.swift; sourceTree = "<group>"; };
		797A3FDC25A86B440047D5DA /* TrailerList.swift */ = {isa = PBXFileReference; lastKnownFileType = sourcecode.swift; path = TrailerList.swift; sourceTree = "<group>"; };
		799CDAF625A6A8A000F710AF /* CustomTabSwitcher.swift */ = {isa = PBXFileReference; lastKnownFileType = sourcecode.swift; path = CustomTabSwitcher.swift; sourceTree = "<group>"; };
		799CDAFC25A7554500F710AF /* MoreLikeThis.swift */ = {isa = PBXFileReference; lastKnownFileType = sourcecode.swift; path = MoreLikeThis.swift; sourceTree = "<group>"; };
/* End PBXFileReference section */

/* Begin PBXFrameworksBuildPhase section */
		7918F1FB25A59FF20079F446 /* Frameworks */ = {
			isa = PBXFrameworksBuildPhase;
			buildActionMask = 2147483647;
			files = (
				7918F24E25A5A6450079F446 /* Kingfisher in Frameworks */,
			);
			runOnlyForDeploymentPostprocessing = 0;
		};
		7918F20C25A59FF50079F446 /* Frameworks */ = {
			isa = PBXFrameworksBuildPhase;
			buildActionMask = 2147483647;
			files = (
			);
			runOnlyForDeploymentPostprocessing = 0;
		};
		7918F21725A59FF50079F446 /* Frameworks */ = {
			isa = PBXFrameworksBuildPhase;
			buildActionMask = 2147483647;
			files = (
			);
			runOnlyForDeploymentPostprocessing = 0;
		};
/* End PBXFrameworksBuildPhase section */

/* Begin PBXGroup section */
		7918F1F525A59FF20079F446 = {
			isa = PBXGroup;
			children = (
				7918F20025A59FF20079F446 /* MyNetflix */,
				7918F21225A59FF50079F446 /* MyNetflixTests */,
				7918F21D25A59FF50079F446 /* MyNetflixUITests */,
				7918F1FF25A59FF20079F446 /* Products */,
			);
			sourceTree = "<group>";
		};
		7918F1FF25A59FF20079F446 /* Products */ = {
			isa = PBXGroup;
			children = (
				7918F1FE25A59FF20079F446 /* MyNetflix.app */,
				7918F20F25A59FF50079F446 /* MyNetflixTests.xctest */,
				7918F21A25A59FF50079F446 /* MyNetflixUITests.xctest */,
			);
			name = Products;
			sourceTree = "<group>";
		};
		7918F20025A59FF20079F446 /* MyNetflix */ = {
			isa = PBXGroup;
			children = (
				7918F22F25A5A1BD0079F446 /* SourceFiles */,
				7918F20125A59FF20079F446 /* MyNetflixApp.swift */,
				7918F20325A59FF20079F446 /* ContentView.swift */,
				7918F20525A59FF50079F446 /* Assets.xcassets */,
				7918F20A25A59FF50079F446 /* Info.plist */,
				7918F20725A59FF50079F446 /* Preview Content */,
			);
			path = MyNetflix;
			sourceTree = "<group>";
		};
		7918F20725A59FF50079F446 /* Preview Content */ = {
			isa = PBXGroup;
			children = (
				7918F20825A59FF50079F446 /* Preview Assets.xcassets */,
			);
			path = "Preview Content";
			sourceTree = "<group>";
		};
		7918F21225A59FF50079F446 /* MyNetflixTests */ = {
			isa = PBXGroup;
			children = (
				7918F21325A59FF50079F446 /* MyNetflixTests.swift */,
				7918F21525A59FF50079F446 /* Info.plist */,
			);
			path = MyNetflixTests;
			sourceTree = "<group>";
		};
		7918F21D25A59FF50079F446 /* MyNetflixUITests */ = {
			isa = PBXGroup;
			children = (
				7918F21E25A59FF50079F446 /* MyNetflixUITests.swift */,
				7918F22025A59FF50079F446 /* Info.plist */,
			);
			path = MyNetflixUITests;
			sourceTree = "<group>";
		};
		7918F22F25A5A1BD0079F446 /* SourceFiles */ = {
			isa = PBXGroup;
			children = (
				7918F25725A5A8580079F446 /* Model */,
				7918F25825A5A85C0079F446 /* Helpers */,
				7918F25625A5A8500079F446 /* HelperViews */,
				797A3FD325A7F4A60047D5DA /* VideoPlayer */,
				7918F25525A5A8460079F446 /* HomeView */,
				799CDAFB25A7550600F710AF /* MovieDetail */,
			);
			path = SourceFiles;
			sourceTree = "<group>";
		};
		7918F25525A5A8460079F446 /* HomeView */ = {
			isa = PBXGroup;
			children = (
				7918F23025A5A21B0079F446 /* HomeView.swift */,
				7918F23825A5A2380079F446 /* HomeVM.swift */,
			);
			path = HomeView;
			sourceTree = "<group>";
		};
		7918F25625A5A8500079F446 /* HelperViews */ = {
			isa = PBXGroup;
			children = (
				7918F24725A5A5F00079F446 /* StandardHomeMovie.swift */,
				7918F25925A5A8A50079F446 /* TopMoviePreview.swift */,
				7918F26125A5A8D90079F446 /* SmallVerticalButton.swift */,
				7918F26625A5AA4E0079F446 /* PlayButton.swift */,
			);
			path = HelperViews;
			sourceTree = "<group>";
		};
		7918F25725A5A8580079F446 /* Model */ = {
			isa = PBXGroup;
			children = (
				7918F23D25A5A2440079F446 /* Movie.swift */,
				7918F27025A5AD730079F446 /* Episode.swift */,
				797A3FC925A7F3070047D5DA /* Trailer.swift */,
			);
			path = Model;
			sourceTree = "<group>";
		};
		7918F25825A5A85C0079F446 /* Helpers */ = {
			isa = PBXGroup;
			children = (
				7918F24225A5A2520079F446 /* GlobalHelper.swift */,
			);
			path = Helpers;
			sourceTree = "<group>";
		};
		797A3FD325A7F4A60047D5DA /* VideoPlayer */ = {
			isa = PBXGroup;
			children = (
				797A3FCE25A7F3910047D5DA /* VideoView.swift */,
				797A3FD425A7F4D20047D5DA /* VideoPreviewImage.swift */,
			);
			path = VideoPlayer;
			sourceTree = "<group>";
		};
		799CDAFB25A7550600F710AF /* MovieDetail */ = {
			isa = PBXGroup;
			children = (
				7918F26B25A5AD500079F446 /* MovieDetail.swift */,
				799CDAF625A6A8A000F710AF /* CustomTabSwitcher.swift */,
				799CDAFC25A7554500F710AF /* MoreLikeThis.swift */,
				797A3FDC25A86B440047D5DA /* TrailerList.swift */,
			);
			path = MovieDetail;
			sourceTree = "<group>";
		};
/* End PBXGroup section */

/* Begin PBXNativeTarget section */
		7918F1FD25A59FF20079F446 /* MyNetflix */ = {
			isa = PBXNativeTarget;
			buildConfigurationList = 7918F22325A59FF50079F446 /* Build configuration list for PBXNativeTarget "MyNetflix" */;
			buildPhases = (
				797A3FC525A7E9410047D5DA /* SwiftLint */,
				7918F1FA25A59FF20079F446 /* Sources */,
				7918F1FB25A59FF20079F446 /* Frameworks */,
				7918F1FC25A59FF20079F446 /* Resources */,
			);
			buildRules = (
			);
			dependencies = (
			);
			name = MyNetflix;
			packageProductDependencies = (
				7918F24D25A5A6450079F446 /* Kingfisher */,
			);
			productName = MyNetflix;
			productReference = 7918F1FE25A59FF20079F446 /* MyNetflix.app */;
			productType = "com.apple.product-type.application";
		};
		7918F20E25A59FF50079F446 /* MyNetflixTests */ = {
			isa = PBXNativeTarget;
			buildConfigurationList = 7918F22625A59FF50079F446 /* Build configuration list for PBXNativeTarget "MyNetflixTests" */;
			buildPhases = (
				7918F20B25A59FF50079F446 /* Sources */,
				7918F20C25A59FF50079F446 /* Frameworks */,
				7918F20D25A59FF50079F446 /* Resources */,
			);
			buildRules = (
			);
			dependencies = (
				7918F21125A59FF50079F446 /* PBXTargetDependency */,
			);
			name = MyNetflixTests;
			productName = MyNetflixTests;
			productReference = 7918F20F25A59FF50079F446 /* MyNetflixTests.xctest */;
			productType = "com.apple.product-type.bundle.unit-test";
		};
		7918F21925A59FF50079F446 /* MyNetflixUITests */ = {
			isa = PBXNativeTarget;
			buildConfigurationList = 7918F22925A59FF50079F446 /* Build configuration list for PBXNativeTarget "MyNetflixUITests" */;
			buildPhases = (
				7918F21625A59FF50079F446 /* Sources */,
				7918F21725A59FF50079F446 /* Frameworks */,
				7918F21825A59FF50079F446 /* Resources */,
			);
			buildRules = (
			);
			dependencies = (
				7918F21C25A59FF50079F446 /* PBXTargetDependency */,
			);
			name = MyNetflixUITests;
			productName = MyNetflixUITests;
			productReference = 7918F21A25A59FF50079F446 /* MyNetflixUITests.xctest */;
			productType = "com.apple.product-type.bundle.ui-testing";
		};
/* End PBXNativeTarget section */

/* Begin PBXProject section */
		7918F1F625A59FF20079F446 /* Project object */ = {
			isa = PBXProject;
			attributes = {
				LastSwiftUpdateCheck = 1230;
				LastUpgradeCheck = 1230;
				TargetAttributes = {
					7918F1FD25A59FF20079F446 = {
						CreatedOnToolsVersion = 12.3;
					};
					7918F20E25A59FF50079F446 = {
						CreatedOnToolsVersion = 12.3;
						TestTargetID = 7918F1FD25A59FF20079F446;
					};
					7918F21925A59FF50079F446 = {
						CreatedOnToolsVersion = 12.3;
						TestTargetID = 7918F1FD25A59FF20079F446;
					};
				};
			};
			buildConfigurationList = 7918F1F925A59FF20079F446 /* Build configuration list for PBXProject "MyNetflix" */;
			compatibilityVersion = "Xcode 9.3";
			developmentRegion = en;
			hasScannedForEncodings = 0;
			knownRegions = (
				en,
				Base,
			);
			mainGroup = 7918F1F525A59FF20079F446;
			packageReferences = (
				7918F24C25A5A6450079F446 /* XCRemoteSwiftPackageReference "Kingfisher" */,
			);
			productRefGroup = 7918F1FF25A59FF20079F446 /* Products */;
			projectDirPath = "";
			projectRoot = "";
			targets = (
				7918F1FD25A59FF20079F446 /* MyNetflix */,
				7918F20E25A59FF50079F446 /* MyNetflixTests */,
				7918F21925A59FF50079F446 /* MyNetflixUITests */,
			);
		};
/* End PBXProject section */

/* Begin PBXResourcesBuildPhase section */
		7918F1FC25A59FF20079F446 /* Resources */ = {
			isa = PBXResourcesBuildPhase;
			buildActionMask = 2147483647;
			files = (
				7918F20925A59FF50079F446 /* Preview Assets.xcassets in Resources */,
				7918F20625A59FF50079F446 /* Assets.xcassets in Resources */,
			);
			runOnlyForDeploymentPostprocessing = 0;
		};
		7918F20D25A59FF50079F446 /* Resources */ = {
			isa = PBXResourcesBuildPhase;
			buildActionMask = 2147483647;
			files = (
			);
			runOnlyForDeploymentPostprocessing = 0;
		};
		7918F21825A59FF50079F446 /* Resources */ = {
			isa = PBXResourcesBuildPhase;
			buildActionMask = 2147483647;
			files = (
			);
			runOnlyForDeploymentPostprocessing = 0;
		};
/* End PBXResourcesBuildPhase section */

/* Begin PBXShellScriptBuildPhase section */
		797A3FC525A7E9410047D5DA /* SwiftLint */ = {
			isa = PBXShellScriptBuildPhase;
			buildActionMask = 2147483647;
			files = (
			);
			inputFileListPaths = (
			);
			inputPaths = (
			);
			name = SwiftLint;
			outputFileListPaths = (
			);
			outputPaths = (
			);
			runOnlyForDeploymentPostprocessing = 0;
			shellPath = /bin/sh;
			shellScript = "if which swiftlint >/dev/null; then\n  swiftlint\nelse\n  echo \"warning: SwiftLint not installed, download from https://github.com/realm/SwiftLint\"\nfi\n";
		};
/* End PBXShellScriptBuildPhase section */

/* Begin PBXSourcesBuildPhase section */
		7918F1FA25A59FF20079F446 /* Sources */ = {
			isa = PBXSourcesBuildPhase;
			buildActionMask = 2147483647;
			files = (
				7918F24325A5A2520079F446 /* GlobalHelper.swift in Sources */,
				797A3FCA25A7F3070047D5DA /* Trailer.swift in Sources */,
				7918F27125A5AD730079F446 /* Episode.swift in Sources */,
				7918F23125A5A21B0079F446 /* HomeView.swift in Sources */,
				7918F20425A59FF20079F446 /* ContentView.swift in Sources */,
				797A3FD525A7F4D20047D5DA /* VideoPreviewImage.swift in Sources */,
				7918F20225A59FF20079F446 /* MyNetflixApp.swift in Sources */,
				7918F23925A5A2380079F446 /* HomeVM.swift in Sources */,
				7918F25A25A5A8A50079F446 /* TopMoviePreview.swift in Sources */,
				7918F24825A5A5F00079F446 /* StandardHomeMovie.swift in Sources */,
				7918F23E25A5A2440079F446 /* Movie.swift in Sources */,
				799CDAFD25A7554500F710AF /* MoreLikeThis.swift in Sources */,
				799CDAF725A6A8A000F710AF /* CustomTabSwitcher.swift in Sources */,
				797A3FDD25A86B440047D5DA /* TrailerList.swift in Sources */,
				797A3FCF25A7F3910047D5DA /* VideoView.swift in Sources */,
				7918F26225A5A8D90079F446 /* SmallVerticalButton.swift in Sources */,
				7918F26725A5AA4E0079F446 /* PlayButton.swift in Sources */,
				7918F26C25A5AD500079F446 /* MovieDetail.swift in Sources */,
			);
			runOnlyForDeploymentPostprocessing = 0;
		};
		7918F20B25A59FF50079F446 /* Sources */ = {
			isa = PBXSourcesBuildPhase;
			buildActionMask = 2147483647;
			files = (
				7918F21425A59FF50079F446 /* MyNetflixTests.swift in Sources */,
			);
			runOnlyForDeploymentPostprocessing = 0;
		};
		7918F21625A59FF50079F446 /* Sources */ = {
			isa = PBXSourcesBuildPhase;
			buildActionMask = 2147483647;
			files = (
				7918F21F25A59FF50079F446 /* MyNetflixUITests.swift in Sources */,
			);
			runOnlyForDeploymentPostprocessing = 0;
		};
/* End PBXSourcesBuildPhase section */

/* Begin PBXTargetDependency section */
		7918F21125A59FF50079F446 /* PBXTargetDependency */ = {
			isa = PBXTargetDependency;
			target = 7918F1FD25A59FF20079F446 /* MyNetflix */;
			targetProxy = 7918F21025A59FF50079F446 /* PBXContainerItemProxy */;
		};
		7918F21C25A59FF50079F446 /* PBXTargetDependency */ = {
			isa = PBXTargetDependency;
			target = 7918F1FD25A59FF20079F446 /* MyNetflix */;
			targetProxy = 7918F21B25A59FF50079F446 /* PBXContainerItemProxy */;
		};
/* End PBXTargetDependency section */

/* Begin XCBuildConfiguration section */
		7918F22125A59FF50079F446 /* Debug */ = {
			isa = XCBuildConfiguration;
			buildSettings = {
				ALWAYS_SEARCH_USER_PATHS = NO;
				CLANG_ANALYZER_NONNULL = YES;
				CLANG_ANALYZER_NUMBER_OBJECT_CONVERSION = YES_AGGRESSIVE;
				CLANG_CXX_LANGUAGE_STANDARD = "gnu++14";
				CLANG_CXX_LIBRARY = "libc++";
				CLANG_ENABLE_MODULES = YES;
				CLANG_ENABLE_OBJC_ARC = YES;
				CLANG_ENABLE_OBJC_WEAK = YES;
				CLANG_WARN_BLOCK_CAPTURE_AUTORELEASING = YES;
				CLANG_WARN_BOOL_CONVERSION = YES;
				CLANG_WARN_COMMA = YES;
				CLANG_WARN_CONSTANT_CONVERSION = YES;
				CLANG_WARN_DEPRECATED_OBJC_IMPLEMENTATIONS = YES;
				CLANG_WARN_DIRECT_OBJC_ISA_USAGE = YES_ERROR;
				CLANG_WARN_DOCUMENTATION_COMMENTS = YES;
				CLANG_WARN_EMPTY_BODY = YES;
				CLANG_WARN_ENUM_CONVERSION = YES;
				CLANG_WARN_INFINITE_RECURSION = YES;
				CLANG_WARN_INT_CONVERSION = YES;
				CLANG_WARN_NON_LITERAL_NULL_CONVERSION = YES;
				CLANG_WARN_OBJC_IMPLICIT_RETAIN_SELF = YES;
				CLANG_WARN_OBJC_LITERAL_CONVERSION = YES;
				CLANG_WARN_OBJC_ROOT_CLASS = YES_ERROR;
				CLANG_WARN_QUOTED_INCLUDE_IN_FRAMEWORK_HEADER = YES;
				CLANG_WARN_RANGE_LOOP_ANALYSIS = YES;
				CLANG_WARN_STRICT_PROTOTYPES = YES;
				CLANG_WARN_SUSPICIOUS_MOVE = YES;
				CLANG_WARN_UNGUARDED_AVAILABILITY = YES_AGGRESSIVE;
				CLANG_WARN_UNREACHABLE_CODE = YES;
				CLANG_WARN__DUPLICATE_METHOD_MATCH = YES;
				COPY_PHASE_STRIP = NO;
				DEBUG_INFORMATION_FORMAT = dwarf;
				ENABLE_STRICT_OBJC_MSGSEND = YES;
				ENABLE_TESTABILITY = YES;
				GCC_C_LANGUAGE_STANDARD = gnu11;
				GCC_DYNAMIC_NO_PIC = NO;
				GCC_NO_COMMON_BLOCKS = YES;
				GCC_OPTIMIZATION_LEVEL = 0;
				GCC_PREPROCESSOR_DEFINITIONS = (
					"DEBUG=1",
					"$(inherited)",
				);
				GCC_WARN_64_TO_32_BIT_CONVERSION = YES;
				GCC_WARN_ABOUT_RETURN_TYPE = YES_ERROR;
				GCC_WARN_UNDECLARED_SELECTOR = YES;
				GCC_WARN_UNINITIALIZED_AUTOS = YES_AGGRESSIVE;
				GCC_WARN_UNUSED_FUNCTION = YES;
				GCC_WARN_UNUSED_VARIABLE = YES;
				IPHONEOS_DEPLOYMENT_TARGET = 14.3;
				MTL_ENABLE_DEBUG_INFO = INCLUDE_SOURCE;
				MTL_FAST_MATH = YES;
				ONLY_ACTIVE_ARCH = YES;
				SDKROOT = iphoneos;
				SWIFT_ACTIVE_COMPILATION_CONDITIONS = DEBUG;
				SWIFT_OPTIMIZATION_LEVEL = "-Onone";
			};
			name = Debug;
		};
		7918F22225A59FF50079F446 /* Release */ = {
			isa = XCBuildConfiguration;
			buildSettings = {
				ALWAYS_SEARCH_USER_PATHS = NO;
				CLANG_ANALYZER_NONNULL = YES;
				CLANG_ANALYZER_NUMBER_OBJECT_CONVERSION = YES_AGGRESSIVE;
				CLANG_CXX_LANGUAGE_STANDARD = "gnu++14";
				CLANG_CXX_LIBRARY = "libc++";
				CLANG_ENABLE_MODULES = YES;
				CLANG_ENABLE_OBJC_ARC = YES;
				CLANG_ENABLE_OBJC_WEAK = YES;
				CLANG_WARN_BLOCK_CAPTURE_AUTORELEASING = YES;
				CLANG_WARN_BOOL_CONVERSION = YES;
				CLANG_WARN_COMMA = YES;
				CLANG_WARN_CONSTANT_CONVERSION = YES;
				CLANG_WARN_DEPRECATED_OBJC_IMPLEMENTATIONS = YES;
				CLANG_WARN_DIRECT_OBJC_ISA_USAGE = YES_ERROR;
				CLANG_WARN_DOCUMENTATION_COMMENTS = YES;
				CLANG_WARN_EMPTY_BODY = YES;
				CLANG_WARN_ENUM_CONVERSION = YES;
				CLANG_WARN_INFINITE_RECURSION = YES;
				CLANG_WARN_INT_CONVERSION = YES;
				CLANG_WARN_NON_LITERAL_NULL_CONVERSION = YES;
				CLANG_WARN_OBJC_IMPLICIT_RETAIN_SELF = YES;
				CLANG_WARN_OBJC_LITERAL_CONVERSION = YES;
				CLANG_WARN_OBJC_ROOT_CLASS = YES_ERROR;
				CLANG_WARN_QUOTED_INCLUDE_IN_FRAMEWORK_HEADER = YES;
				CLANG_WARN_RANGE_LOOP_ANALYSIS = YES;
				CLANG_WARN_STRICT_PROTOTYPES = YES;
				CLANG_WARN_SUSPICIOUS_MOVE = YES;
				CLANG_WARN_UNGUARDED_AVAILABILITY = YES_AGGRESSIVE;
				CLANG_WARN_UNREACHABLE_CODE = YES;
				CLANG_WARN__DUPLICATE_METHOD_MATCH = YES;
				COPY_PHASE_STRIP = NO;
				DEBUG_INFORMATION_FORMAT = "dwarf-with-dsym";
				ENABLE_NS_ASSERTIONS = NO;
				ENABLE_STRICT_OBJC_MSGSEND = YES;
				GCC_C_LANGUAGE_STANDARD = gnu11;
				GCC_NO_COMMON_BLOCKS = YES;
				GCC_WARN_64_TO_32_BIT_CONVERSION = YES;
				GCC_WARN_ABOUT_RETURN_TYPE = YES_ERROR;
				GCC_WARN_UNDECLARED_SELECTOR = YES;
				GCC_WARN_UNINITIALIZED_AUTOS = YES_AGGRESSIVE;
				GCC_WARN_UNUSED_FUNCTION = YES;
				GCC_WARN_UNUSED_VARIABLE = YES;
				IPHONEOS_DEPLOYMENT_TARGET = 14.3;
				MTL_ENABLE_DEBUG_INFO = NO;
				MTL_FAST_MATH = YES;
				SDKROOT = iphoneos;
				SWIFT_COMPILATION_MODE = wholemodule;
				SWIFT_OPTIMIZATION_LEVEL = "-O";
				VALIDATE_PRODUCT = YES;
			};
			name = Release;
		};
		7918F22425A59FF50079F446 /* Debug */ = {
			isa = XCBuildConfiguration;
			buildSettings = {
				ASSETCATALOG_COMPILER_APPICON_NAME = AppIcon;
				ASSETCATALOG_COMPILER_GLOBAL_ACCENT_COLOR_NAME = AccentColor;
				CODE_SIGN_STYLE = Automatic;
				DEVELOPMENT_ASSET_PATHS = "\"MyNetflix/Preview Content\"";
				DEVELOPMENT_TEAM = 985378NB7L;
				ENABLE_PREVIEWS = YES;
				INFOPLIST_FILE = MyNetflix/Info.plist;
				IPHONEOS_DEPLOYMENT_TARGET = 14.0;
				LD_RUNPATH_SEARCH_PATHS = (
					"$(inherited)",
					"@executable_path/Frameworks",
				);
				PRODUCT_BUNDLE_IDENTIFIER = com.kicker.MyNetflix;
				PRODUCT_NAME = "$(TARGET_NAME)";
				SWIFT_VERSION = 5.0;
				TARGETED_DEVICE_FAMILY = "1,2";
			};
			name = Debug;
		};
		7918F22525A59FF50079F446 /* Release */ = {
			isa = XCBuildConfiguration;
			buildSettings = {
				ASSETCATALOG_COMPILER_APPICON_NAME = AppIcon;
				ASSETCATALOG_COMPILER_GLOBAL_ACCENT_COLOR_NAME = AccentColor;
				CODE_SIGN_STYLE = Automatic;
				DEVELOPMENT_ASSET_PATHS = "\"MyNetflix/Preview Content\"";
				DEVELOPMENT_TEAM = 985378NB7L;
				ENABLE_PREVIEWS = YES;
				INFOPLIST_FILE = MyNetflix/Info.plist;
				IPHONEOS_DEPLOYMENT_TARGET = 14.0;
				LD_RUNPATH_SEARCH_PATHS = (
					"$(inherited)",
					"@executable_path/Frameworks",
				);
				PRODUCT_BUNDLE_IDENTIFIER = com.kicker.MyNetflix;
				PRODUCT_NAME = "$(TARGET_NAME)";
				SWIFT_VERSION = 5.0;
				TARGETED_DEVICE_FAMILY = "1,2";
			};
			name = Release;
		};
		7918F22725A59FF50079F446 /* Debug */ = {
			isa = XCBuildConfiguration;
			buildSettings = {
				ALWAYS_EMBED_SWIFT_STANDARD_LIBRARIES = YES;
				BUNDLE_LOADER = "$(TEST_HOST)";
				CODE_SIGN_STYLE = Automatic;
				DEVELOPMENT_TEAM = 985378NB7L;
				INFOPLIST_FILE = MyNetflixTests/Info.plist;
				IPHONEOS_DEPLOYMENT_TARGET = 14.0;
				LD_RUNPATH_SEARCH_PATHS = (
					"$(inherited)",
					"@executable_path/Frameworks",
					"@loader_path/Frameworks",
				);
				PRODUCT_BUNDLE_IDENTIFIER = com.kicker.MyNetflixTests;
				PRODUCT_NAME = "$(TARGET_NAME)";
				SWIFT_VERSION = 5.0;
				TARGETED_DEVICE_FAMILY = "1,2";
				TEST_HOST = "$(BUILT_PRODUCTS_DIR)/MyNetflix.app/MyNetflix";
			};
			name = Debug;
		};
		7918F22825A59FF50079F446 /* Release */ = {
			isa = XCBuildConfiguration;
			buildSettings = {
				ALWAYS_EMBED_SWIFT_STANDARD_LIBRARIES = YES;
				BUNDLE_LOADER = "$(TEST_HOST)";
				CODE_SIGN_STYLE = Automatic;
				DEVELOPMENT_TEAM = 985378NB7L;
				INFOPLIST_FILE = MyNetflixTests/Info.plist;
				IPHONEOS_DEPLOYMENT_TARGET = 14.0;
				LD_RUNPATH_SEARCH_PATHS = (
					"$(inherited)",
					"@executable_path/Frameworks",
					"@loader_path/Frameworks",
				);
				PRODUCT_BUNDLE_IDENTIFIER = com.kicker.MyNetflixTests;
				PRODUCT_NAME = "$(TARGET_NAME)";
				SWIFT_VERSION = 5.0;
				TARGETED_DEVICE_FAMILY = "1,2";
				TEST_HOST = "$(BUILT_PRODUCTS_DIR)/MyNetflix.app/MyNetflix";
			};
			name = Release;
		};
		7918F22A25A59FF50079F446 /* Debug */ = {
			isa = XCBuildConfiguration;
			buildSettings = {
				ALWAYS_EMBED_SWIFT_STANDARD_LIBRARIES = YES;
				CODE_SIGN_STYLE = Automatic;
				DEVELOPMENT_TEAM = 985378NB7L;
				INFOPLIST_FILE = MyNetflixUITests/Info.plist;
				LD_RUNPATH_SEARCH_PATHS = (
					"$(inherited)",
					"@executable_path/Frameworks",
					"@loader_path/Frameworks",
				);
				PRODUCT_BUNDLE_IDENTIFIER = com.kicker.MyNetflixUITests;
				PRODUCT_NAME = "$(TARGET_NAME)";
				SWIFT_VERSION = 5.0;
				TARGETED_DEVICE_FAMILY = "1,2";
				TEST_TARGET_NAME = MyNetflix;
			};
			name = Debug;
		};
		7918F22B25A59FF50079F446 /* Release */ = {
			isa = XCBuildConfiguration;
			buildSettings = {
				ALWAYS_EMBED_SWIFT_STANDARD_LIBRARIES = YES;
				CODE_SIGN_STYLE = Automatic;
				DEVELOPMENT_TEAM = 985378NB7L;
				INFOPLIST_FILE = MyNetflixUITests/Info.plist;
				LD_RUNPATH_SEARCH_PATHS = (
					"$(inherited)",
					"@executable_path/Frameworks",
					"@loader_path/Frameworks",
				);
				PRODUCT_BUNDLE_IDENTIFIER = com.kicker.MyNetflixUITests;
				PRODUCT_NAME = "$(TARGET_NAME)";
				SWIFT_VERSION = 5.0;
				TARGETED_DEVICE_FAMILY = "1,2";
				TEST_TARGET_NAME = MyNetflix;
			};
			name = Release;
		};
/* End XCBuildConfiguration section */

/* Begin XCConfigurationList section */
		7918F1F925A59FF20079F446 /* Build configuration list for PBXProject "MyNetflix" */ = {
			isa = XCConfigurationList;
			buildConfigurations = (
				7918F22125A59FF50079F446 /* Debug */,
				7918F22225A59FF50079F446 /* Release */,
			);
			defaultConfigurationIsVisible = 0;
			defaultConfigurationName = Release;
		};
		7918F22325A59FF50079F446 /* Build configuration list for PBXNativeTarget "MyNetflix" */ = {
			isa = XCConfigurationList;
			buildConfigurations = (
				7918F22425A59FF50079F446 /* Debug */,
				7918F22525A59FF50079F446 /* Release */,
			);
			defaultConfigurationIsVisible = 0;
			defaultConfigurationName = Release;
		};
		7918F22625A59FF50079F446 /* Build configuration list for PBXNativeTarget "MyNetflixTests" */ = {
			isa = XCConfigurationList;
			buildConfigurations = (
				7918F22725A59FF50079F446 /* Debug */,
				7918F22825A59FF50079F446 /* Release */,
			);
			defaultConfigurationIsVisible = 0;
			defaultConfigurationName = Release;
		};
		7918F22925A59FF50079F446 /* Build configuration list for PBXNativeTarget "MyNetflixUITests" */ = {
			isa = XCConfigurationList;
			buildConfigurations = (
				7918F22A25A59FF50079F446 /* Debug */,
				7918F22B25A59FF50079F446 /* Release */,
			);
			defaultConfigurationIsVisible = 0;
			defaultConfigurationName = Release;
		};
/* End XCConfigurationList section */

/* Begin XCRemoteSwiftPackageReference section */
		7918F24C25A5A6450079F446 /* XCRemoteSwiftPackageReference "Kingfisher" */ = {
			isa = XCRemoteSwiftPackageReference;
			repositoryURL = "https://github.com/onevcat/Kingfisher";
			requirement = {
				kind = upToNextMajorVersion;
				minimumVersion = 6.0.1;
			};
		};
/* End XCRemoteSwiftPackageReference section */

/* Begin XCSwiftPackageProductDependency section */
		7918F24D25A5A6450079F446 /* Kingfisher */ = {
			isa = XCSwiftPackageProductDependency;
			package = 7918F24C25A5A6450079F446 /* XCRemoteSwiftPackageReference "Kingfisher" */;
			productName = Kingfisher;
		};
/* End XCSwiftPackageProductDependency section */
	};
	rootObject = 7918F1F625A59FF20079F446 /* Project object */;
}
